
Microsoft Visual Studio Solution File, Format Version 11.00
# Visual C# Express 2010
Project("{FAE04EC0-301F-11D3-BF4B-00C04F79EFBC}") = "PavelNazarov.Common", "PavelNazarov.Common\PavelNazarov.Common.csproj", "{9079F6F8-F527-4C01-A158-8C0FEF1CE374}"
EndProject
Project("{FAE04EC0-301F-11D3-BF4B-00C04F79EFBC}") = "PavelNazarov.Common.Web", "PavelNazarov.Common.Web\PavelNazarov.Common.Web.csproj", "{F43D3AFC-2D3B-4F54-AE33-78B1E763F4FD}"
EndProject
Global
	GlobalSection(SolutionConfigurationPlatforms) = preSolution
		Debug|Any CPU = Debug|Any CPU
		Debug|Mixed Platforms = Debug|Mixed Platforms
		Debug|x86 = Debug|x86
		Release|Any CPU = Release|Any CPU
		Release|Mixed Platforms = Release|Mixed Platforms
		Release|x86 = Release|x86
	EndGlobalSection
	GlobalSection(ProjectConfigurationPlatforms) = postSolution
		{9079F6F8-F527-4C01-A158-8C0FEF1CE374}.Debug|Any CPU.ActiveCfg = Debug|Any CPU
		{9079F6F8-F527-4C01-A158-8C0FEF1CE374}.Debug|Any CPU.Build.0 = Debug|Any CPU
		{9079F6F8-F527-4C01-A158-8C0FEF1CE374}.Debug|Mixed Platforms.ActiveCfg = Debug|Any CPU
		{9079F6F8-F527-4C01-A158-8C0FEF1CE374}.Debug|Mixed Platforms.Build.0 = Debug|Any CPU
		{9079F6F8-F527-4C01-A158-8C0FEF1CE374}.Debug|x86.ActiveCfg = Debug|Any CPU
		{9079F6F8-F527-4C01-A158-8C0FEF1CE374}.Release|Any CPU.ActiveCfg = Release|Any CPU
		{9079F6F8-F527-4C01-A158-8C0FEF1CE374}.Release|Any CPU.Build.0 = Release|Any CPU
		{9079F6F8-F527-4C01-A158-8C0FEF1CE374}.Release|Mixed Platforms.ActiveCfg = Release|Any CPU
		{9079F6F8-F527-4C01-A158-8C0FEF1CE374}.Release|Mixed Platforms.Build.0 = Release|Any CPU
		{9079F6F8-F527-4C01-A158-8C0FEF1CE374}.Release|x86.ActiveCfg = Release|Any CPU
		{F43D3AFC-2D3B-4F54-AE33-78B1E763F4FD}.Debug|Any CPU.ActiveCfg = Debug|Any CPU
		{F43D3AFC-2D3B-4F54-AE33-78B1E763F4FD}.Debug|Any CPU.Build.0 = Debug|Any CPU
		{F43D3AFC-2D3B-4F54-AE33-78B1E763F4FD}.Debug|Mixed Platforms.ActiveCfg = Debug|Any CPU
		{F43D3AFC-2D3B-4F54-AE33-78B1E763F4FD}.Debug|Mixed Platforms.Build.0 = Debug|Any CPU
		{F43D3AFC-2D3B-4F54-AE33-78B1E763F4FD}.Debug|x86.ActiveCfg = Debug|Any CPU
		{F43D3AFC-2D3B-4F54-AE33-78B1E763F4FD}.Release|Any CPU.ActiveCfg = Release|Any CPU
		{F43D3AFC-2D3B-4F54-AE33-78B1E763F4FD}.Release|Any CPU.Build.0 = Release|Any CPU
		{F43D3AFC-2D3B-4F54-AE33-78B1E763F4FD}.Release|Mixed Platforms.ActiveCfg = Release|Any CPU
		{F43D3AFC-2D3B-4F54-AE33-78B1E763F4FD}.Release|Mixed Platforms.Build.0 = Release|Any CPU
		{F43D3AFC-2D3B-4F54-AE33-78B1E763F4FD}.Release|x86.ActiveCfg = Release|Any CPU
	EndGlobalSection
	GlobalSection(SolutionProperties) = preSolution
		HideSolutionNode = FALSE
	EndGlobalSection
EndGlobal
